
Microsoft Visual Studio Solution File, Format Version 12.00
# Visual Studio Version 16
VisualStudioVersion = 16.0.29926.136
MinimumVisualStudioVersion = 10.0.40219.1
Project("{FAE04EC0-301F-11D3-BF4B-00C04F79EFBC}") = "Water", "Water\Water.csproj", "{AA90C166-E789-4CAD-878D-CDC99401F002}"
EndProject
Global
	GlobalSection(SolutionConfigurationPlatforms) = preSolution
		Debug|Any CPU = Debug|Any CPU
		Release|Any CPU = Release|Any CPU
	EndGlobalSection
	GlobalSection(ProjectConfigurationPlatforms) = postSolution
		{AA90C166-E789-4CAD-878D-CDC99401F002}.Debug|Any CPU.ActiveCfg = Debug|Any CPU
		{AA90C166-E789-4CAD-878D-CDC99401F002}.Debug|Any CPU.Build.0 = Debug|Any CPU
		{AA90C166-E789-4CAD-878D-CDC99401F002}.Release|Any CPU.ActiveCfg = Release|Any CPU
		{AA90C166-E789-4CAD-878D-CDC99401F002}.Release|Any CPU.Build.0 = Release|Any CPU
	EndGlobalSection
	GlobalSection(SolutionProperties) = preSolution
		HideSolutionNode = FALSE
	EndGlobalSection
	GlobalSection(ExtensibilityGlobals) = postSolution
		SolutionGuid = {76EAED60-29A4-4DF6-88AF-120D6B2CA67F}
	EndGlobalSection
EndGlobal
